
Microsoft Visual Studio Solution File, Format Version 12.00
# Visual Studio 15
VisualStudioVersion = 15.0.28010.2016
MinimumVisualStudioVersion = 10.0.40219.1
Project("{FAE04EC0-301F-11D3-BF4B-00C04F79EFBC}") = "TouchProbe", "TouchProbe\TouchProbe.csproj", "{35BA6084-10C2-4055-82FE-9D01FD090E05}"
EndProject
Global
	GlobalSection(SolutionConfigurationPlatforms) = preSolution
		Debug|Any CPU = Debug|Any CPU
		Release|Any CPU = Release|Any CPU
	EndGlobalSection
	GlobalSection(ProjectConfigurationPlatforms) = postSolution
		{35BA6084-10C2-4055-82FE-9D01FD090E05}.Debug|Any CPU.ActiveCfg = Debug|Any CPU
		{35BA6084-10C2-4055-82FE-9D01FD090E05}.Debug|Any CPU.Build.0 = Debug|Any CPU
		{35BA6084-10C2-4055-82FE-9D01FD090E05}.Release|Any CPU.ActiveCfg = Release|Any CPU
		{35BA6084-10C2-4055-82FE-9D01FD090E05}.Release|Any CPU.Build.0 = Release|Any CPU
	EndGlobalSection
	GlobalSection(SolutionProperties) = preSolution
		HideSolutionNode = FALSE
	EndGlobalSection
	GlobalSection(ExtensibilityGlobals) = postSolution
		SolutionGuid = {C2228F0A-86A9-4D94-8401-F666C4F6A85E}
	EndGlobalSection
EndGlobal
