
Microsoft Visual Studio Solution File, Format Version 12.00
# Visual Studio 15
VisualStudioVersion = 15.0.28010.2016
MinimumVisualStudioVersion = 10.0.40219.1
Project("{FAE04EC0-301F-11D3-BF4B-00C04F79EFBC}") = "SingleDrive", "SingleDrive\SingleDrive.csproj", "{F1BE9717-3E58-4580-B34D-2B047DB3B81A}"
EndProject
Global
	GlobalSection(SolutionConfigurationPlatforms) = preSolution
		Debug|Any CPU = Debug|Any CPU
		Release|Any CPU = Release|Any CPU
	EndGlobalSection
	GlobalSection(ProjectConfigurationPlatforms) = postSolution
		{F1BE9717-3E58-4580-B34D-2B047DB3B81A}.Debug|Any CPU.ActiveCfg = Debug|Any CPU
		{F1BE9717-3E58-4580-B34D-2B047DB3B81A}.Debug|Any CPU.Build.0 = Debug|Any CPU
		{F1BE9717-3E58-4580-B34D-2B047DB3B81A}.Release|Any CPU.ActiveCfg = Release|Any CPU
		{F1BE9717-3E58-4580-B34D-2B047DB3B81A}.Release|Any CPU.Build.0 = Release|Any CPU
	EndGlobalSection
	GlobalSection(SolutionProperties) = preSolution
		HideSolutionNode = FALSE
	EndGlobalSection
	GlobalSection(ExtensibilityGlobals) = postSolution
		SolutionGuid = {546FBFC8-0B7B-421A-B748-3D97F8B6E8C2}
	EndGlobalSection
EndGlobal
