
Microsoft Visual Studio Solution File, Format Version 12.00
# Visual Studio 15
VisualStudioVersion = 15.0.28010.2016
MinimumVisualStudioVersion = 10.0.40219.1
Project("{FAE04EC0-301F-11D3-BF4B-00C04F79EFBC}") = "PositionComparsionA2E", "PositionComparsionA2E\PositionComparsionA2E.csproj", "{F6C7E5A3-9206-43B5-8432-5256D12A60AB}"
EndProject
Global
	GlobalSection(SolutionConfigurationPlatforms) = preSolution
		Debug|Any CPU = Debug|Any CPU
		Release|Any CPU = Release|Any CPU
	EndGlobalSection
	GlobalSection(ProjectConfigurationPlatforms) = postSolution
		{F6C7E5A3-9206-43B5-8432-5256D12A60AB}.Debug|Any CPU.ActiveCfg = Debug|Any CPU
		{F6C7E5A3-9206-43B5-8432-5256D12A60AB}.Debug|Any CPU.Build.0 = Debug|Any CPU
		{F6C7E5A3-9206-43B5-8432-5256D12A60AB}.Release|Any CPU.ActiveCfg = Release|Any CPU
		{F6C7E5A3-9206-43B5-8432-5256D12A60AB}.Release|Any CPU.Build.0 = Release|Any CPU
	EndGlobalSection
	GlobalSection(SolutionProperties) = preSolution
		HideSolutionNode = FALSE
	EndGlobalSection
	GlobalSection(ExtensibilityGlobals) = postSolution
		SolutionGuid = {903E8C5C-FE9B-494E-8671-2ECC5BD800AE}
	EndGlobalSection
EndGlobal
