
Microsoft Visual Studio Solution File, Format Version 12.00
# Visual Studio 15
VisualStudioVersion = 15.0.28010.2016
MinimumVisualStudioVersion = 10.0.40219.1
Project("{8BC9CEB8-8B4A-11D0-8D11-00A0C91BC942}") = "BotnanaApi", "BotnanaApi\BotnanaApi.vcxproj", "{5AC266C1-F114-42C4-9882-125A238C25FF}"
EndProject
Global
	GlobalSection(SolutionConfigurationPlatforms) = preSolution
		Debug|x64 = Debug|x64
		Debug|x86 = Debug|x86
		Release|x64 = Release|x64
		Release|x86 = Release|x86
	EndGlobalSection
	GlobalSection(ProjectConfigurationPlatforms) = postSolution
		{5AC266C1-F114-42C4-9882-125A238C25FF}.Debug|x64.ActiveCfg = Debug|x64
		{5AC266C1-F114-42C4-9882-125A238C25FF}.Debug|x64.Build.0 = Debug|x64
		{5AC266C1-F114-42C4-9882-125A238C25FF}.Debug|x86.ActiveCfg = Debug|Win32
		{5AC266C1-F114-42C4-9882-125A238C25FF}.Debug|x86.Build.0 = Debug|Win32
		{5AC266C1-F114-42C4-9882-125A238C25FF}.Release|x64.ActiveCfg = Release|x64
		{5AC266C1-F114-42C4-9882-125A238C25FF}.Release|x64.Build.0 = Release|x64
		{5AC266C1-F114-42C4-9882-125A238C25FF}.Release|x86.ActiveCfg = Release|Win32
		{5AC266C1-F114-42C4-9882-125A238C25FF}.Release|x86.Build.0 = Release|Win32
	EndGlobalSection
	GlobalSection(SolutionProperties) = preSolution
		HideSolutionNode = FALSE
	EndGlobalSection
	GlobalSection(ExtensibilityGlobals) = postSolution
		SolutionGuid = {4E35DA85-ABA2-43B9-A422-D7B9F6CA6AB5}
	EndGlobalSection
EndGlobal
